
Microsoft Visual Studio Solution File, Format Version 12.00
Project("{2150E333-8FDC-42A3-9474-1A3956D46DE8}") = "src", "src", "{00C08CB2-7078-4D58-8D1C-26A2AD1C7182}"
EndProject
Project("{2150E333-8FDC-42A3-9474-1A3956D46DE8}") = "Core", "Core", "{6F7AFCD7-5FAB-4D29-A3F0-68FC4C17A37C}"
EndProject
Project("{2150E333-8FDC-42A3-9474-1A3956D46DE8}") = "Infrastructure", "Infrastructure", "{D9894E5F-A880-402B-BBB2-3FF3DAB5A570}"
EndProject
Project("{2150E333-8FDC-42A3-9474-1A3956D46DE8}") = "Web", "Web", "{3D5ACE03-AC5A-4413-BA98-BF9F7740CED7}"
EndProject
Project("{2150E333-8FDC-42A3-9474-1A3956D46DE8}") = "Shared", "Shared", "{BCA83A24-D3E1-41DD-889F-EB6D86EDB9E2}"
EndProject
Project("{FAE04EC0-301F-11D3-BF4B-00C04F79EFBC}") = "Application", "Application\Application.csproj", "{4DD76A8D-032E-452E-A253-A1CCDD183DC5}"
EndProject
Project("{FAE04EC0-301F-11D3-BF4B-00C04F79EFBC}") = "Domain", "Domain\Domain.csproj", "{1EA06BAA-4ED6-476F-86F5-84020A74A330}"
EndProject
Project("{FAE04EC0-301F-11D3-BF4B-00C04F79EFBC}") = "Infrastructure", "Infrastructure\Infrastructure.csproj", "{88A033F3-F7A4-45A0-A60A-770EBD21580E}"
EndProject
Project("{FAE04EC0-301F-11D3-BF4B-00C04F79EFBC}") = "Shared", "Shared\Shared.csproj", "{06DFB6C6-343B-437B-9DCA-51E4D5B3C506}"
EndProject
Project("{FAE04EC0-301F-11D3-BF4B-00C04F79EFBC}") = "Server", "Server\Server.csproj", "{CC36E5ED-C9F8-496A-ABC6-C3FC84FC3303}"
EndProject
Global
	GlobalSection(SolutionConfigurationPlatforms) = preSolution
		Debug|Any CPU = Debug|Any CPU
		Release|Any CPU = Release|Any CPU
	EndGlobalSection
	GlobalSection(NestedProjects) = preSolution
		{6F7AFCD7-5FAB-4D29-A3F0-68FC4C17A37C} = {00C08CB2-7078-4D58-8D1C-26A2AD1C7182}
		{D9894E5F-A880-402B-BBB2-3FF3DAB5A570} = {00C08CB2-7078-4D58-8D1C-26A2AD1C7182}
		{3D5ACE03-AC5A-4413-BA98-BF9F7740CED7} = {00C08CB2-7078-4D58-8D1C-26A2AD1C7182}
		{BCA83A24-D3E1-41DD-889F-EB6D86EDB9E2} = {00C08CB2-7078-4D58-8D1C-26A2AD1C7182}
		{4DD76A8D-032E-452E-A253-A1CCDD183DC5} = {6F7AFCD7-5FAB-4D29-A3F0-68FC4C17A37C}
		{1EA06BAA-4ED6-476F-86F5-84020A74A330} = {6F7AFCD7-5FAB-4D29-A3F0-68FC4C17A37C}
		{88A033F3-F7A4-45A0-A60A-770EBD21580E} = {D9894E5F-A880-402B-BBB2-3FF3DAB5A570}
		{06DFB6C6-343B-437B-9DCA-51E4D5B3C506} = {BCA83A24-D3E1-41DD-889F-EB6D86EDB9E2}
		{CC36E5ED-C9F8-496A-ABC6-C3FC84FC3303} = {3D5ACE03-AC5A-4413-BA98-BF9F7740CED7}
	EndGlobalSection
	GlobalSection(ProjectConfigurationPlatforms) = postSolution
		{4DD76A8D-032E-452E-A253-A1CCDD183DC5}.Debug|Any CPU.ActiveCfg = Debug|Any CPU
		{4DD76A8D-032E-452E-A253-A1CCDD183DC5}.Debug|Any CPU.Build.0 = Debug|Any CPU
		{4DD76A8D-032E-452E-A253-A1CCDD183DC5}.Release|Any CPU.ActiveCfg = Release|Any CPU
		{4DD76A8D-032E-452E-A253-A1CCDD183DC5}.Release|Any CPU.Build.0 = Release|Any CPU
		{1EA06BAA-4ED6-476F-86F5-84020A74A330}.Debug|Any CPU.ActiveCfg = Debug|Any CPU
		{1EA06BAA-4ED6-476F-86F5-84020A74A330}.Debug|Any CPU.Build.0 = Debug|Any CPU
		{1EA06BAA-4ED6-476F-86F5-84020A74A330}.Release|Any CPU.ActiveCfg = Release|Any CPU
		{1EA06BAA-4ED6-476F-86F5-84020A74A330}.Release|Any CPU.Build.0 = Release|Any CPU
		{88A033F3-F7A4-45A0-A60A-770EBD21580E}.Debug|Any CPU.ActiveCfg = Debug|Any CPU
		{88A033F3-F7A4-45A0-A60A-770EBD21580E}.Debug|Any CPU.Build.0 = Debug|Any CPU
		{88A033F3-F7A4-45A0-A60A-770EBD21580E}.Release|Any CPU.ActiveCfg = Release|Any CPU
		{88A033F3-F7A4-45A0-A60A-770EBD21580E}.Release|Any CPU.Build.0 = Release|Any CPU
		{06DFB6C6-343B-437B-9DCA-51E4D5B3C506}.Debug|Any CPU.ActiveCfg = Debug|Any CPU
		{06DFB6C6-343B-437B-9DCA-51E4D5B3C506}.Debug|Any CPU.Build.0 = Debug|Any CPU
		{06DFB6C6-343B-437B-9DCA-51E4D5B3C506}.Release|Any CPU.ActiveCfg = Release|Any CPU
		{06DFB6C6-343B-437B-9DCA-51E4D5B3C506}.Release|Any CPU.Build.0 = Release|Any CPU
		{CC36E5ED-C9F8-496A-ABC6-C3FC84FC3303}.Debug|Any CPU.ActiveCfg = Debug|Any CPU
		{CC36E5ED-C9F8-496A-ABC6-C3FC84FC3303}.Debug|Any CPU.Build.0 = Debug|Any CPU
		{CC36E5ED-C9F8-496A-ABC6-C3FC84FC3303}.Release|Any CPU.ActiveCfg = Release|Any CPU
		{CC36E5ED-C9F8-496A-ABC6-C3FC84FC3303}.Release|Any CPU.Build.0 = Release|Any CPU
	EndGlobalSection
EndGlobal
